
Microsoft Visual Studio Solution File, Format Version 12.00
# Visual Studio Version 17
VisualStudioVersion = 17.11.35327.3
MinimumVisualStudioVersion = 10.0.40219.1
Project("{54A90642-561A-4BB1-A94E-469ADEE60C69}") = "Contacts", "Contacts.esproj", "{8BF420D3-69C8-4FE2-9D8D-97F65A010B07}"
EndProject
Global
	GlobalSection(SolutionConfigurationPlatforms) = preSolution
		Debug|Any CPU = Debug|Any CPU
		Release|Any CPU = Release|Any CPU
	EndGlobalSection
	GlobalSection(ProjectConfigurationPlatforms) = postSolution
		{8BF420D3-69C8-4FE2-9D8D-97F65A010B07}.Debug|Any CPU.ActiveCfg = Debug|Any CPU
		{8BF420D3-69C8-4FE2-9D8D-97F65A010B07}.Debug|Any CPU.Build.0 = Debug|Any CPU
		{8BF420D3-69C8-4FE2-9D8D-97F65A010B07}.Debug|Any CPU.Deploy.0 = Debug|Any CPU
		{8BF420D3-69C8-4FE2-9D8D-97F65A010B07}.Release|Any CPU.ActiveCfg = Release|Any CPU
		{8BF420D3-69C8-4FE2-9D8D-97F65A010B07}.Release|Any CPU.Build.0 = Release|Any CPU
		{8BF420D3-69C8-4FE2-9D8D-97F65A010B07}.Release|Any CPU.Deploy.0 = Release|Any CPU
	EndGlobalSection
	GlobalSection(SolutionProperties) = preSolution
		HideSolutionNode = FALSE
	EndGlobalSection
	GlobalSection(ExtensibilityGlobals) = postSolution
		SolutionGuid = {BF0406A4-70BC-4704-94FB-FA05F55AD43E}
	EndGlobalSection
EndGlobal
